// !$*UTF8*$!
{
	archiveVersion = 1;
	classes = {
	};
	objectVersion = 56;
	objects = {

/* Begin PBXBuildFile section */
		370B44782B3B7B060041E5B4 /* HomePage.swift in Sources */ = {isa = PBXBuildFile; fileRef = 370B44772B3B7B060041E5B4 /* HomePage.swift */; };
		370B447A2B3B7B5E0041E5B4 /* SettingsView.swift in Sources */ = {isa = PBXBuildFile; fileRef = 370B44792B3B7B5E0041E5B4 /* SettingsView.swift */; };
		370B447C2B3B7B7D0041E5B4 /* ProfileView.swift in Sources */ = {isa = PBXBuildFile; fileRef = 370B447B2B3B7B7D0041E5B4 /* ProfileView.swift */; };
		373049FF2B37C11200F16BF9 /* ShiftSyncApp.swift in Sources */ = {isa = PBXBuildFile; fileRef = 373049FE2B37C11200F16BF9 /* ShiftSyncApp.swift */; };
		37304A012B37C11200F16BF9 /* ContentView.swift in Sources */ = {isa = PBXBuildFile; fileRef = 37304A002B37C11200F16BF9 /* ContentView.swift */; };
		37304A032B37C11600F16BF9 /* Assets.xcassets in Resources */ = {isa = PBXBuildFile; fileRef = 37304A022B37C11600F16BF9 /* Assets.xcassets */; };
		37304A062B37C11600F16BF9 /* Preview Assets.xcassets in Resources */ = {isa = PBXBuildFile; fileRef = 37304A052B37C11600F16BF9 /* Preview Assets.xcassets */; };
		37304A0D2B37C3D100F16BF9 /* LoginScreen.swift in Sources */ = {isa = PBXBuildFile; fileRef = 37304A0C2B37C3D100F16BF9 /* LoginScreen.swift */; };
		37304A0F2B37EEB400F16BF9 /* ManagerHomePage.swift in Sources */ = {isa = PBXBuildFile; fileRef = 37304A0E2B37EEB400F16BF9 /* ManagerHomePage.swift */; };
		37304A112B37EECC00F16BF9 /* EmployeeHomePage.swift in Sources */ = {isa = PBXBuildFile; fileRef = 37304A102B37EECC00F16BF9 /* EmployeeHomePage.swift */; };
		37304A142B38416B00F16BF9 /* FirebaseAnalytics in Frameworks */ = {isa = PBXBuildFile; productRef = 37304A132B38416B00F16BF9 /* FirebaseAnalytics */; };
		37304A162B38416B00F16BF9 /* FirebaseAnalyticsOnDeviceConversion in Frameworks */ = {isa = PBXBuildFile; productRef = 37304A152B38416B00F16BF9 /* FirebaseAnalyticsOnDeviceConversion */; };
		37304A182B38416B00F16BF9 /* FirebaseAnalyticsSwift in Frameworks */ = {isa = PBXBuildFile; productRef = 37304A172B38416B00F16BF9 /* FirebaseAnalyticsSwift */; };
		37304A1A2B38416B00F16BF9 /* FirebaseAnalyticsWithoutAdIdSupport in Frameworks */ = {isa = PBXBuildFile; productRef = 37304A192B38416B00F16BF9 /* FirebaseAnalyticsWithoutAdIdSupport */; };
		37304A1E2B38416B00F16BF9 /* FirebaseAppDistribution-Beta in Frameworks */ = {isa = PBXBuildFile; productRef = 37304A1D2B38416B00F16BF9 /* FirebaseAppDistribution-Beta */; };
		37304A202B38416B00F16BF9 /* FirebaseAuth in Frameworks */ = {isa = PBXBuildFile; productRef = 37304A1F2B38416B00F16BF9 /* FirebaseAuth */; };
		37304A222B38416B00F16BF9 /* FirebaseAuthCombine-Community in Frameworks */ = {isa = PBXBuildFile; productRef = 37304A212B38416B00F16BF9 /* FirebaseAuthCombine-Community */; };
		37304A242B38416B00F16BF9 /* FirebaseCrashlytics in Frameworks */ = {isa = PBXBuildFile; productRef = 37304A232B38416B00F16BF9 /* FirebaseCrashlytics */; };
		37304A262B38416B00F16BF9 /* FirebaseDatabase in Frameworks */ = {isa = PBXBuildFile; productRef = 37304A252B38416B00F16BF9 /* FirebaseDatabase */; };
		37304A282B38416B00F16BF9 /* FirebaseDatabaseSwift in Frameworks */ = {isa = PBXBuildFile; productRef = 37304A272B38416B00F16BF9 /* FirebaseDatabaseSwift */; };
		37304A2A2B38416B00F16BF9 /* FirebaseDynamicLinks in Frameworks */ = {isa = PBXBuildFile; productRef = 37304A292B38416B00F16BF9 /* FirebaseDynamicLinks */; };
		37304A2C2B38416B00F16BF9 /* FirebaseFirestore in Frameworks */ = {isa = PBXBuildFile; productRef = 37304A2B2B38416B00F16BF9 /* FirebaseFirestore */; };
		37304A2E2B38416B00F16BF9 /* FirebaseFirestoreCombine-Community in Frameworks */ = {isa = PBXBuildFile; productRef = 37304A2D2B38416B00F16BF9 /* FirebaseFirestoreCombine-Community */; };
		37304A302B38416B00F16BF9 /* FirebaseFirestoreSwift in Frameworks */ = {isa = PBXBuildFile; productRef = 37304A2F2B38416B00F16BF9 /* FirebaseFirestoreSwift */; };
		37304A322B38416B00F16BF9 /* FirebaseFunctions in Frameworks */ = {isa = PBXBuildFile; productRef = 37304A312B38416B00F16BF9 /* FirebaseFunctions */; };
		37304A342B38416B00F16BF9 /* FirebaseFunctionsCombine-Community in Frameworks */ = {isa = PBXBuildFile; productRef = 37304A332B38416B00F16BF9 /* FirebaseFunctionsCombine-Community */; };
		37304A362B38416B00F16BF9 /* FirebaseInAppMessaging-Beta in Frameworks */ = {isa = PBXBuildFile; productRef = 37304A352B38416B00F16BF9 /* FirebaseInAppMessaging-Beta */; };
		37304A382B38416B00F16BF9 /* FirebaseInAppMessagingSwift-Beta in Frameworks */ = {isa = PBXBuildFile; productRef = 37304A372B38416B00F16BF9 /* FirebaseInAppMessagingSwift-Beta */; };
		37304A3A2B38416B00F16BF9 /* FirebaseInstallations in Frameworks */ = {isa = PBXBuildFile; productRef = 37304A392B38416B00F16BF9 /* FirebaseInstallations */; };
		37304A3C2B38416B00F16BF9 /* FirebaseMLModelDownloader in Frameworks */ = {isa = PBXBuildFile; productRef = 37304A3B2B38416B00F16BF9 /* FirebaseMLModelDownloader */; };
		37304A3E2B38416B00F16BF9 /* FirebaseMessaging in Frameworks */ = {isa = PBXBuildFile; productRef = 37304A3D2B38416B00F16BF9 /* FirebaseMessaging */; };
		37304A402B38416B00F16BF9 /* FirebasePerformance in Frameworks */ = {isa = PBXBuildFile; productRef = 37304A3F2B38416B00F16BF9 /* FirebasePerformance */; };
		37304A422B38416B00F16BF9 /* FirebaseRemoteConfig in Frameworks */ = {isa = PBXBuildFile; productRef = 37304A412B38416B00F16BF9 /* FirebaseRemoteConfig */; };
		37304A442B38416B00F16BF9 /* FirebaseRemoteConfigSwift in Frameworks */ = {isa = PBXBuildFile; productRef = 37304A432B38416B00F16BF9 /* FirebaseRemoteConfigSwift */; };
		37304A462B38416B00F16BF9 /* FirebaseStorage in Frameworks */ = {isa = PBXBuildFile; productRef = 37304A452B38416B00F16BF9 /* FirebaseStorage */; };
		37304A482B38416B00F16BF9 /* FirebaseStorageCombine-Community in Frameworks */ = {isa = PBXBuildFile; productRef = 37304A472B38416B00F16BF9 /* FirebaseStorageCombine-Community */; };
		37304A4C2B385ADB00F16BF9 /* GoogleService-Info.plist in Resources */ = {isa = PBXBuildFile; fileRef = 37304A4B2B385ADB00F16BF9 /* GoogleService-Info.plist */; };
		3734F18D2B3C3231008FE63B /* People.swift in Sources */ = {isa = PBXBuildFile; fileRef = 3734F18C2B3C3231008FE63B /* People.swift */; };
		3734F18F2B3C5ECE008FE63B /* ViewEmployee.swift in Sources */ = {isa = PBXBuildFile; fileRef = 3734F18E2B3C5ECE008FE63B /* ViewEmployee.swift */; };
		3734F1912B3C6605008FE63B /* AddEmployee.swift in Sources */ = {isa = PBXBuildFile; fileRef = 3734F1902B3C6605008FE63B /* AddEmployee.swift */; };
		3734F1962B3CFF33008FE63B /* EmployeeModel.swift in Sources */ = {isa = PBXBuildFile; fileRef = 3734F1952B3CFF33008FE63B /* EmployeeModel.swift */; };
		3734F1992B3E585E008FE63B /* EmployeeViewModel.swift in Sources */ = {isa = PBXBuildFile; fileRef = 3734F1982B3E585E008FE63B /* EmployeeViewModel.swift */; };
		3734F19D2B3EC7BC008FE63B /* EditEmployee.swift in Sources */ = {isa = PBXBuildFile; fileRef = 3734F19C2B3EC7BC008FE63B /* EditEmployee.swift */; };
		3734F19F2B3FA177008FE63B /* Roster.swift in Sources */ = {isa = PBXBuildFile; fileRef = 3734F19E2B3FA177008FE63B /* Roster.swift */; };
		3734F1A22B3FA3F7008FE63B /* Tasks.swift in Sources */ = {isa = PBXBuildFile; fileRef = 3734F1A12B3FA3F7008FE63B /* Tasks.swift */; };
		3734F1A72B3FA59E008FE63B /* ViewRoster.swift in Sources */ = {isa = PBXBuildFile; fileRef = 3734F1A62B3FA59E008FE63B /* ViewRoster.swift */; };
		3734F1A92B3FA61A008FE63B /* AddTasks.swift in Sources */ = {isa = PBXBuildFile; fileRef = 3734F1A82B3FA61A008FE63B /* AddTasks.swift */; };
		3734F1AB2B3FA629008FE63B /* ViewTasks.swift in Sources */ = {isa = PBXBuildFile; fileRef = 3734F1AA2B3FA629008FE63B /* ViewTasks.swift */; };
		3734F1AF2B3FAC6E008FE63B /* RosterModel.swift in Sources */ = {isa = PBXBuildFile; fileRef = 3734F1AE2B3FAC6E008FE63B /* RosterModel.swift */; };
		3734F1B12B3FAF87008FE63B /* AddRosterView.swift in Sources */ = {isa = PBXBuildFile; fileRef = 3734F1B02B3FAF87008FE63B /* AddRosterView.swift */; };
/* End PBXBuildFile section */

/* Begin PBXFileReference section */
		370B44772B3B7B060041E5B4 /* HomePage.swift */ = {isa = PBXFileReference; lastKnownFileType = sourcecode.swift; path = HomePage.swift; sourceTree = "<group>"; };
		370B44792B3B7B5E0041E5B4 /* SettingsView.swift */ = {isa = PBXFileReference; lastKnownFileType = sourcecode.swift; path = SettingsView.swift; sourceTree = "<group>"; };
		370B447B2B3B7B7D0041E5B4 /* ProfileView.swift */ = {isa = PBXFileReference; lastKnownFileType = sourcecode.swift; path = ProfileView.swift; sourceTree = "<group>"; };
		373049FB2B37C11200F16BF9 /* ShiftSync.app */ = {isa = PBXFileReference; explicitFileType = wrapper.application; includeInIndex = 0; path = ShiftSync.app; sourceTree = BUILT_PRODUCTS_DIR; };
		373049FE2B37C11200F16BF9 /* ShiftSyncApp.swift */ = {isa = PBXFileReference; lastKnownFileType = sourcecode.swift; path = ShiftSyncApp.swift; sourceTree = "<group>"; };
		37304A002B37C11200F16BF9 /* ContentView.swift */ = {isa = PBXFileReference; lastKnownFileType = sourcecode.swift; path = ContentView.swift; sourceTree = "<group>"; };
		37304A022B37C11600F16BF9 /* Assets.xcassets */ = {isa = PBXFileReference; lastKnownFileType = folder.assetcatalog; path = Assets.xcassets; sourceTree = "<group>"; };
		37304A052B37C11600F16BF9 /* Preview Assets.xcassets */ = {isa = PBXFileReference; lastKnownFileType = folder.assetcatalog; path = "Preview Assets.xcassets"; sourceTree = "<group>"; };
		37304A0C2B37C3D100F16BF9 /* LoginScreen.swift */ = {isa = PBXFileReference; lastKnownFileType = sourcecode.swift; path = LoginScreen.swift; sourceTree = "<group>"; };
		37304A0E2B37EEB400F16BF9 /* ManagerHomePage.swift */ = {isa = PBXFileReference; lastKnownFileType = sourcecode.swift; path = ManagerHomePage.swift; sourceTree = "<group>"; };
		37304A102B37EECC00F16BF9 /* EmployeeHomePage.swift */ = {isa = PBXFileReference; lastKnownFileType = sourcecode.swift; path = EmployeeHomePage.swift; sourceTree = "<group>"; };
		37304A4B2B385ADB00F16BF9 /* GoogleService-Info.plist */ = {isa = PBXFileReference; fileEncoding = 4; lastKnownFileType = text.plist.xml; path = "GoogleService-Info.plist"; sourceTree = "<group>"; };
		3734F18C2B3C3231008FE63B /* People.swift */ = {isa = PBXFileReference; lastKnownFileType = sourcecode.swift; path = People.swift; sourceTree = "<group>"; };
		3734F18E2B3C5ECE008FE63B /* ViewEmployee.swift */ = {isa = PBXFileReference; lastKnownFileType = sourcecode.swift; path = ViewEmployee.swift; sourceTree = "<group>"; };
		3734F1902B3C6605008FE63B /* AddEmployee.swift */ = {isa = PBXFileReference; lastKnownFileType = sourcecode.swift; path = AddEmployee.swift; sourceTree = "<group>"; };
		3734F1952B3CFF33008FE63B /* EmployeeModel.swift */ = {isa = PBXFileReference; lastKnownFileType = sourcecode.swift; path = EmployeeModel.swift; sourceTree = "<group>"; };
		3734F1982B3E585E008FE63B /* EmployeeViewModel.swift */ = {isa = PBXFileReference; lastKnownFileType = sourcecode.swift; path = EmployeeViewModel.swift; sourceTree = "<group>"; };
		3734F19C2B3EC7BC008FE63B /* EditEmployee.swift */ = {isa = PBXFileReference; lastKnownFileType = sourcecode.swift; path = EditEmployee.swift; sourceTree = "<group>"; };
		3734F19E2B3FA177008FE63B /* Roster.swift */ = {isa = PBXFileReference; lastKnownFileType = sourcecode.swift; path = Roster.swift; sourceTree = "<group>"; };
		3734F1A12B3FA3F7008FE63B /* Tasks.swift */ = {isa = PBXFileReference; lastKnownFileType = sourcecode.swift; path = Tasks.swift; sourceTree = "<group>"; };
		3734F1A62B3FA59E008FE63B /* ViewRoster.swift */ = {isa = PBXFileReference; lastKnownFileType = sourcecode.swift; path = ViewRoster.swift; sourceTree = "<group>"; };
		3734F1A82B3FA61A008FE63B /* AddTasks.swift */ = {isa = PBXFileReference; lastKnownFileType = sourcecode.swift; path = AddTasks.swift; sourceTree = "<group>"; };
		3734F1AA2B3FA629008FE63B /* ViewTasks.swift */ = {isa = PBXFileReference; lastKnownFileType = sourcecode.swift; path = ViewTasks.swift; sourceTree = "<group>"; };
		3734F1AE2B3FAC6E008FE63B /* RosterModel.swift */ = {isa = PBXFileReference; lastKnownFileType = sourcecode.swift; path = RosterModel.swift; sourceTree = "<group>"; };
		3734F1B02B3FAF87008FE63B /* AddRosterView.swift */ = {isa = PBXFileReference; lastKnownFileType = sourcecode.swift; path = AddRosterView.swift; sourceTree = "<group>"; };
/* End PBXFileReference section */

/* Begin PBXFrameworksBuildPhase section */
		373049F82B37C11200F16BF9 /* Frameworks */ = {
			isa = PBXFrameworksBuildPhase;
			buildActionMask = 2147483647;
			files = (
				37304A262B38416B00F16BF9 /* FirebaseDatabase in Frameworks */,
				37304A342B38416B00F16BF9 /* FirebaseFunctionsCombine-Community in Frameworks */,
				37304A2C2B38416B00F16BF9 /* FirebaseFirestore in Frameworks */,
				37304A182B38416B00F16BF9 /* FirebaseAnalyticsSwift in Frameworks */,
				37304A142B38416B00F16BF9 /* FirebaseAnalytics in Frameworks */,
				37304A162B38416B00F16BF9 /* FirebaseAnalyticsOnDeviceConversion in Frameworks */,
				37304A3C2B38416B00F16BF9 /* FirebaseMLModelDownloader in Frameworks */,
				37304A302B38416B00F16BF9 /* FirebaseFirestoreSwift in Frameworks */,
				37304A1A2B38416B00F16BF9 /* FirebaseAnalyticsWithoutAdIdSupport in Frameworks */,
				37304A202B38416B00F16BF9 /* FirebaseAuth in Frameworks */,
				37304A242B38416B00F16BF9 /* FirebaseCrashlytics in Frameworks */,
				37304A442B38416B00F16BF9 /* FirebaseRemoteConfigSwift in Frameworks */,
				37304A362B38416B00F16BF9 /* FirebaseInAppMessaging-Beta in Frameworks */,
				37304A282B38416B00F16BF9 /* FirebaseDatabaseSwift in Frameworks */,
				37304A322B38416B00F16BF9 /* FirebaseFunctions in Frameworks */,
				37304A482B38416B00F16BF9 /* FirebaseStorageCombine-Community in Frameworks */,
				37304A422B38416B00F16BF9 /* FirebaseRemoteConfig in Frameworks */,
				37304A1E2B38416B00F16BF9 /* FirebaseAppDistribution-Beta in Frameworks */,
				37304A222B38416B00F16BF9 /* FirebaseAuthCombine-Community in Frameworks */,
				37304A402B38416B00F16BF9 /* FirebasePerformance in Frameworks */,
				37304A382B38416B00F16BF9 /* FirebaseInAppMessagingSwift-Beta in Frameworks */,
				37304A462B38416B00F16BF9 /* FirebaseStorage in Frameworks */,
				37304A2A2B38416B00F16BF9 /* FirebaseDynamicLinks in Frameworks */,
				37304A2E2B38416B00F16BF9 /* FirebaseFirestoreCombine-Community in Frameworks */,
				37304A3E2B38416B00F16BF9 /* FirebaseMessaging in Frameworks */,
				37304A3A2B38416B00F16BF9 /* FirebaseInstallations in Frameworks */,
			);
			runOnlyForDeploymentPostprocessing = 0;
		};
/* End PBXFrameworksBuildPhase section */

/* Begin PBXGroup section */
		373049F22B37C11200F16BF9 = {
			isa = PBXGroup;
			children = (
				373049FD2B37C11200F16BF9 /* ShiftSync */,
				373049FC2B37C11200F16BF9 /* Products */,
			);
			sourceTree = "<group>";
		};
		373049FC2B37C11200F16BF9 /* Products */ = {
			isa = PBXGroup;
			children = (
				373049FB2B37C11200F16BF9 /* ShiftSync.app */,
			);
			name = Products;
			sourceTree = "<group>";
		};
		373049FD2B37C11200F16BF9 /* ShiftSync */ = {
			isa = PBXGroup;
			children = (
				370B44772B3B7B060041E5B4 /* HomePage.swift */,
				370B447B2B3B7B7D0041E5B4 /* ProfileView.swift */,
				373049FE2B37C11200F16BF9 /* ShiftSyncApp.swift */,
				37304A002B37C11200F16BF9 /* ContentView.swift */,
				37304A022B37C11600F16BF9 /* Assets.xcassets */,
				37304A4B2B385ADB00F16BF9 /* GoogleService-Info.plist */,
				37304A042B37C11600F16BF9 /* Preview Content */,
				37304A0C2B37C3D100F16BF9 /* LoginScreen.swift */,
				37304A0E2B37EEB400F16BF9 /* ManagerHomePage.swift */,
				37304A102B37EECC00F16BF9 /* EmployeeHomePage.swift */,
				370B44792B3B7B5E0041E5B4 /* SettingsView.swift */,
				3734F1922B3CEDB7008FE63B /* People View */,
				3734F1A32B3FA4EC008FE63B /* Tasks */,
				3734F1A02B3FA2AD008FE63B /* Roster */,
				3734F1972B3CFF6D008FE63B /* Model */,
			);
			path = ShiftSync;
			sourceTree = "<group>";
		};
		37304A042B37C11600F16BF9 /* Preview Content */ = {
			isa = PBXGroup;
			children = (
				37304A052B37C11600F16BF9 /* Preview Assets.xcassets */,
			);
			path = "Preview Content";
			sourceTree = "<group>";
		};
		3734F1922B3CEDB7008FE63B /* People View */ = {
			isa = PBXGroup;
			children = (
				3734F18C2B3C3231008FE63B /* People.swift */,
				3734F18E2B3C5ECE008FE63B /* ViewEmployee.swift */,
				3734F1902B3C6605008FE63B /* AddEmployee.swift */,
				3734F1982B3E585E008FE63B /* EmployeeViewModel.swift */,
				3734F19C2B3EC7BC008FE63B /* EditEmployee.swift */,
			);
			path = "People View";
			sourceTree = "<group>";
		};
		3734F1972B3CFF6D008FE63B /* Model */ = {
			isa = PBXGroup;
			children = (
				3734F1952B3CFF33008FE63B /* EmployeeModel.swift */,
				3734F1AE2B3FAC6E008FE63B /* RosterModel.swift */,
			);
			path = Model;
			sourceTree = "<group>";
		};
		3734F1A02B3FA2AD008FE63B /* Roster */ = {
			isa = PBXGroup;
			children = (
				3734F19E2B3FA177008FE63B /* Roster.swift */,
				3734F1A62B3FA59E008FE63B /* ViewRoster.swift */,
				3734F1B02B3FAF87008FE63B /* AddRosterView.swift */,
			);
			path = Roster;
			sourceTree = "<group>";
		};
		3734F1A32B3FA4EC008FE63B /* Tasks */ = {
			isa = PBXGroup;
			children = (
				3734F1A12B3FA3F7008FE63B /* Tasks.swift */,
				3734F1AA2B3FA629008FE63B /* ViewTasks.swift */,
				3734F1A82B3FA61A008FE63B /* AddTasks.swift */,
			);
			path = Tasks;
			sourceTree = "<group>";
		};
/* End PBXGroup section */

/* Begin PBXNativeTarget section */
		373049FA2B37C11200F16BF9 /* ShiftSync */ = {
			isa = PBXNativeTarget;
			buildConfigurationList = 37304A092B37C11600F16BF9 /* Build configuration list for PBXNativeTarget "ShiftSync" */;
			buildPhases = (
				373049F72B37C11200F16BF9 /* Sources */,
				373049F92B37C11200F16BF9 /* Resources */,
				373049F82B37C11200F16BF9 /* Frameworks */,
			);
			buildRules = (
			);
			dependencies = (
			);
			name = ShiftSync;
			packageProductDependencies = (
				37304A132B38416B00F16BF9 /* FirebaseAnalytics */,
				37304A152B38416B00F16BF9 /* FirebaseAnalyticsOnDeviceConversion */,
				37304A172B38416B00F16BF9 /* FirebaseAnalyticsSwift */,
				37304A192B38416B00F16BF9 /* FirebaseAnalyticsWithoutAdIdSupport */,
				37304A1D2B38416B00F16BF9 /* FirebaseAppDistribution-Beta */,
				37304A1F2B38416B00F16BF9 /* FirebaseAuth */,
				37304A212B38416B00F16BF9 /* FirebaseAuthCombine-Community */,
				37304A232B38416B00F16BF9 /* FirebaseCrashlytics */,
				37304A252B38416B00F16BF9 /* FirebaseDatabase */,
				37304A272B38416B00F16BF9 /* FirebaseDatabaseSwift */,
				37304A292B38416B00F16BF9 /* FirebaseDynamicLinks */,
				37304A2B2B38416B00F16BF9 /* FirebaseFirestore */,
				37304A2D2B38416B00F16BF9 /* FirebaseFirestoreCombine-Community */,
				37304A2F2B38416B00F16BF9 /* FirebaseFirestoreSwift */,
				37304A312B38416B00F16BF9 /* FirebaseFunctions */,
				37304A332B38416B00F16BF9 /* FirebaseFunctionsCombine-Community */,
				37304A352B38416B00F16BF9 /* FirebaseInAppMessaging-Beta */,
				37304A372B38416B00F16BF9 /* FirebaseInAppMessagingSwift-Beta */,
				37304A392B38416B00F16BF9 /* FirebaseInstallations */,
				37304A3B2B38416B00F16BF9 /* FirebaseMLModelDownloader */,
				37304A3D2B38416B00F16BF9 /* FirebaseMessaging */,
				37304A3F2B38416B00F16BF9 /* FirebasePerformance */,
				37304A412B38416B00F16BF9 /* FirebaseRemoteConfig */,
				37304A432B38416B00F16BF9 /* FirebaseRemoteConfigSwift */,
				37304A452B38416B00F16BF9 /* FirebaseStorage */,
				37304A472B38416B00F16BF9 /* FirebaseStorageCombine-Community */,
			);
			productName = ShiftSync;
			productReference = 373049FB2B37C11200F16BF9 /* ShiftSync.app */;
			productType = "com.apple.product-type.application";
		};
/* End PBXNativeTarget section */

/* Begin PBXProject section */
		373049F32B37C11200F16BF9 /* Project object */ = {
			isa = PBXProject;
			attributes = {
				BuildIndependentTargetsInParallel = 1;
				LastSwiftUpdateCheck = 1500;
				LastUpgradeCheck = 1500;
				TargetAttributes = {
					373049FA2B37C11200F16BF9 = {
						CreatedOnToolsVersion = 15.0;
					};
				};
			};
			buildConfigurationList = 373049F62B37C11200F16BF9 /* Build configuration list for PBXProject "ShiftSync" */;
			compatibilityVersion = "Xcode 14.0";
			developmentRegion = en;
			hasScannedForEncodings = 0;
			knownRegions = (
				en,
				Base,
			);
			mainGroup = 373049F22B37C11200F16BF9;
			packageReferences = (
				37304A122B38416B00F16BF9 /* XCRemoteSwiftPackageReference "firebase-ios-sdk" */,
			);
			productRefGroup = 373049FC2B37C11200F16BF9 /* Products */;
			projectDirPath = "";
			projectRoot = "";
			targets = (
				373049FA2B37C11200F16BF9 /* ShiftSync */,
			);
		};
/* End PBXProject section */

/* Begin PBXResourcesBuildPhase section */
		373049F92B37C11200F16BF9 /* Resources */ = {
			isa = PBXResourcesBuildPhase;
			buildActionMask = 2147483647;
			files = (
				37304A062B37C11600F16BF9 /* Preview Assets.xcassets in Resources */,
				37304A032B37C11600F16BF9 /* Assets.xcassets in Resources */,
				37304A4C2B385ADB00F16BF9 /* GoogleService-Info.plist in Resources */,
			);
			runOnlyForDeploymentPostprocessing = 0;
		};
/* End PBXResourcesBuildPhase section */

/* Begin PBXSourcesBuildPhase section */
		373049F72B37C11200F16BF9 /* Sources */ = {
			isa = PBXSourcesBuildPhase;
			buildActionMask = 2147483647;
			files = (
				3734F18F2B3C5ECE008FE63B /* ViewEmployee.swift in Sources */,
				37304A012B37C11200F16BF9 /* ContentView.swift in Sources */,
				3734F1992B3E585E008FE63B /* EmployeeViewModel.swift in Sources */,
				370B447C2B3B7B7D0041E5B4 /* ProfileView.swift in Sources */,
				3734F1A92B3FA61A008FE63B /* AddTasks.swift in Sources */,
				3734F1962B3CFF33008FE63B /* EmployeeModel.swift in Sources */,
				370B447A2B3B7B5E0041E5B4 /* SettingsView.swift in Sources */,
				3734F1AB2B3FA629008FE63B /* ViewTasks.swift in Sources */,
				3734F19F2B3FA177008FE63B /* Roster.swift in Sources */,
				37304A0F2B37EEB400F16BF9 /* ManagerHomePage.swift in Sources */,
				3734F1AF2B3FAC6E008FE63B /* RosterModel.swift in Sources */,
				3734F1B12B3FAF87008FE63B /* AddRosterView.swift in Sources */,
				3734F18D2B3C3231008FE63B /* People.swift in Sources */,
				373049FF2B37C11200F16BF9 /* ShiftSyncApp.swift in Sources */,
				37304A112B37EECC00F16BF9 /* EmployeeHomePage.swift in Sources */,
				3734F19D2B3EC7BC008FE63B /* EditEmployee.swift in Sources */,
				370B44782B3B7B060041E5B4 /* HomePage.swift in Sources */,
				3734F1A22B3FA3F7008FE63B /* Tasks.swift in Sources */,
				37304A0D2B37C3D100F16BF9 /* LoginScreen.swift in Sources */,
				3734F1912B3C6605008FE63B /* AddEmployee.swift in Sources */,
				3734F1A72B3FA59E008FE63B /* ViewRoster.swift in Sources */,
			);
			runOnlyForDeploymentPostprocessing = 0;
		};
/* End PBXSourcesBuildPhase section */

/* Begin XCBuildConfiguration section */
		37304A072B37C11600F16BF9 /* Debug */ = {
			isa = XCBuildConfiguration;
			buildSettings = {
				ALWAYS_SEARCH_USER_PATHS = NO;
				ASSETCATALOG_COMPILER_GENERATE_SWIFT_ASSET_SYMBOL_EXTENSIONS = YES;
				CLANG_ANALYZER_NONNULL = YES;
				CLANG_ANALYZER_NUMBER_OBJECT_CONVERSION = YES_AGGRESSIVE;
				CLANG_CXX_LANGUAGE_STANDARD = "gnu++20";
				CLANG_ENABLE_MODULES = YES;
				CLANG_ENABLE_OBJC_ARC = YES;
				CLANG_ENABLE_OBJC_WEAK = YES;
				CLANG_WARN_BLOCK_CAPTURE_AUTORELEASING = YES;
				CLANG_WARN_BOOL_CONVERSION = YES;
				CLANG_WARN_COMMA = YES;
				CLANG_WARN_CONSTANT_CONVERSION = YES;
				CLANG_WARN_DEPRECATED_OBJC_IMPLEMENTATIONS = YES;
				CLANG_WARN_DIRECT_OBJC_ISA_USAGE = YES_ERROR;
				CLANG_WARN_DOCUMENTATION_COMMENTS = YES;
				CLANG_WARN_EMPTY_BODY = YES;
				CLANG_WARN_ENUM_CONVERSION = YES;
				CLANG_WARN_INFINITE_RECURSION = YES;
				CLANG_WARN_INT_CONVERSION = YES;
				CLANG_WARN_NON_LITERAL_NULL_CONVERSION = YES;
				CLANG_WARN_OBJC_IMPLICIT_RETAIN_SELF = YES;
				CLANG_WARN_OBJC_LITERAL_CONVERSION = YES;
				CLANG_WARN_OBJC_ROOT_CLASS = YES_ERROR;
				CLANG_WARN_QUOTED_INCLUDE_IN_FRAMEWORK_HEADER = YES;
				CLANG_WARN_RANGE_LOOP_ANALYSIS = YES;
				CLANG_WARN_STRICT_PROTOTYPES = YES;
				CLANG_WARN_SUSPICIOUS_MOVE = YES;
				CLANG_WARN_UNGUARDED_AVAILABILITY = YES_AGGRESSIVE;
				CLANG_WARN_UNREACHABLE_CODE = YES;
				CLANG_WARN__DUPLICATE_METHOD_MATCH = YES;
				COPY_PHASE_STRIP = NO;
				DEBUG_INFORMATION_FORMAT = dwarf;
				ENABLE_STRICT_OBJC_MSGSEND = YES;
				ENABLE_TESTABILITY = YES;
				ENABLE_USER_SCRIPT_SANDBOXING = YES;
				GCC_C_LANGUAGE_STANDARD = gnu17;
				GCC_DYNAMIC_NO_PIC = NO;
				GCC_NO_COMMON_BLOCKS = YES;
				GCC_OPTIMIZATION_LEVEL = 0;
				GCC_PREPROCESSOR_DEFINITIONS = (
					"DEBUG=1",
					"$(inherited)",
				);
				GCC_WARN_64_TO_32_BIT_CONVERSION = YES;
				GCC_WARN_ABOUT_RETURN_TYPE = YES_ERROR;
				GCC_WARN_UNDECLARED_SELECTOR = YES;
				GCC_WARN_UNINITIALIZED_AUTOS = YES_AGGRESSIVE;
				GCC_WARN_UNUSED_FUNCTION = YES;
				GCC_WARN_UNUSED_VARIABLE = YES;
				IPHONEOS_DEPLOYMENT_TARGET = 17.0;
				LOCALIZATION_PREFERS_STRING_CATALOGS = YES;
				MTL_ENABLE_DEBUG_INFO = INCLUDE_SOURCE;
				MTL_FAST_MATH = YES;
				ONLY_ACTIVE_ARCH = YES;
				SDKROOT = iphoneos;
				SWIFT_ACTIVE_COMPILATION_CONDITIONS = "DEBUG $(inherited)";
				SWIFT_OPTIMIZATION_LEVEL = "-Onone";
			};
			name = Debug;
		};
		37304A082B37C11600F16BF9 /* Release */ = {
			isa = XCBuildConfiguration;
			buildSettings = {
				ALWAYS_SEARCH_USER_PATHS = NO;
				ASSETCATALOG_COMPILER_GENERATE_SWIFT_ASSET_SYMBOL_EXTENSIONS = YES;
				CLANG_ANALYZER_NONNULL = YES;
				CLANG_ANALYZER_NUMBER_OBJECT_CONVERSION = YES_AGGRESSIVE;
				CLANG_CXX_LANGUAGE_STANDARD = "gnu++20";
				CLANG_ENABLE_MODULES = YES;
				CLANG_ENABLE_OBJC_ARC = YES;
				CLANG_ENABLE_OBJC_WEAK = YES;
				CLANG_WARN_BLOCK_CAPTURE_AUTORELEASING = YES;
				CLANG_WARN_BOOL_CONVERSION = YES;
				CLANG_WARN_COMMA = YES;
				CLANG_WARN_CONSTANT_CONVERSION = YES;
				CLANG_WARN_DEPRECATED_OBJC_IMPLEMENTATIONS = YES;
				CLANG_WARN_DIRECT_OBJC_ISA_USAGE = YES_ERROR;
				CLANG_WARN_DOCUMENTATION_COMMENTS = YES;
				CLANG_WARN_EMPTY_BODY = YES;
				CLANG_WARN_ENUM_CONVERSION = YES;
				CLANG_WARN_INFINITE_RECURSION = YES;
				CLANG_WARN_INT_CONVERSION = YES;
				CLANG_WARN_NON_LITERAL_NULL_CONVERSION = YES;
				CLANG_WARN_OBJC_IMPLICIT_RETAIN_SELF = YES;
				CLANG_WARN_OBJC_LITERAL_CONVERSION = YES;
				CLANG_WARN_OBJC_ROOT_CLASS = YES_ERROR;
				CLANG_WARN_QUOTED_INCLUDE_IN_FRAMEWORK_HEADER = YES;
				CLANG_WARN_RANGE_LOOP_ANALYSIS = YES;
				CLANG_WARN_STRICT_PROTOTYPES = YES;
				CLANG_WARN_SUSPICIOUS_MOVE = YES;
				CLANG_WARN_UNGUARDED_AVAILABILITY = YES_AGGRESSIVE;
				CLANG_WARN_UNREACHABLE_CODE = YES;
				CLANG_WARN__DUPLICATE_METHOD_MATCH = YES;
				COPY_PHASE_STRIP = NO;
				DEBUG_INFORMATION_FORMAT = "dwarf-with-dsym";
				ENABLE_NS_ASSERTIONS = NO;
				ENABLE_STRICT_OBJC_MSGSEND = YES;
				ENABLE_USER_SCRIPT_SANDBOXING = YES;
				GCC_C_LANGUAGE_STANDARD = gnu17;
				GCC_NO_COMMON_BLOCKS = YES;
				GCC_WARN_64_TO_32_BIT_CONVERSION = YES;
				GCC_WARN_ABOUT_RETURN_TYPE = YES_ERROR;
				GCC_WARN_UNDECLARED_SELECTOR = YES;
				GCC_WARN_UNINITIALIZED_AUTOS = YES_AGGRESSIVE;
				GCC_WARN_UNUSED_FUNCTION = YES;
				GCC_WARN_UNUSED_VARIABLE = YES;
				IPHONEOS_DEPLOYMENT_TARGET = 17.0;
				LOCALIZATION_PREFERS_STRING_CATALOGS = YES;
				MTL_ENABLE_DEBUG_INFO = NO;
				MTL_FAST_MATH = YES;
				SDKROOT = iphoneos;
				SWIFT_COMPILATION_MODE = wholemodule;
				VALIDATE_PRODUCT = YES;
			};
			name = Release;
		};
		37304A0A2B37C11600F16BF9 /* Debug */ = {
			isa = XCBuildConfiguration;
			buildSettings = {
				ASSETCATALOG_COMPILER_APPICON_NAME = AppIcon;
				ASSETCATALOG_COMPILER_GLOBAL_ACCENT_COLOR_NAME = AccentColor;
				CODE_SIGN_STYLE = Automatic;
				CURRENT_PROJECT_VERSION = 1;
				DEVELOPMENT_ASSET_PATHS = "\"ShiftSync/Preview Content\"";
				DEVELOPMENT_TEAM = J27CK6TLVS;
				ENABLE_PREVIEWS = YES;
				GENERATE_INFOPLIST_FILE = YES;
				INFOPLIST_KEY_UIApplicationSceneManifest_Generation = YES;
				INFOPLIST_KEY_UIApplicationSupportsIndirectInputEvents = YES;
				INFOPLIST_KEY_UILaunchScreen_Generation = YES;
				INFOPLIST_KEY_UISupportedInterfaceOrientations_iPad = "UIInterfaceOrientationPortrait UIInterfaceOrientationPortraitUpsideDown UIInterfaceOrientationLandscapeLeft UIInterfaceOrientationLandscapeRight";
				INFOPLIST_KEY_UISupportedInterfaceOrientations_iPhone = "UIInterfaceOrientationPortrait UIInterfaceOrientationLandscapeLeft UIInterfaceOrientationLandscapeRight";
				LD_RUNPATH_SEARCH_PATHS = (
					"$(inherited)",
					"@executable_path/Frameworks",
				);
				MARKETING_VERSION = 1.0;
				PRODUCT_BUNDLE_IDENTIFIER = Nowa.ShiftSync;
				PRODUCT_NAME = "$(TARGET_NAME)";
				SWIFT_EMIT_LOC_STRINGS = YES;
				SWIFT_VERSION = 5.0;
				TARGETED_DEVICE_FAMILY = "1,2";
			};
			name = Debug;
		};
		37304A0B2B37C11600F16BF9 /* Release */ = {
			isa = XCBuildConfiguration;
			buildSettings = {
				ASSETCATALOG_COMPILER_APPICON_NAME = AppIcon;
				ASSETCATALOG_COMPILER_GLOBAL_ACCENT_COLOR_NAME = AccentColor;
				CODE_SIGN_STYLE = Automatic;
				CURRENT_PROJECT_VERSION = 1;
				DEVELOPMENT_ASSET_PATHS = "\"ShiftSync/Preview Content\"";
				DEVELOPMENT_TEAM = J27CK6TLVS;
				ENABLE_PREVIEWS = YES;
				GENERATE_INFOPLIST_FILE = YES;
				INFOPLIST_KEY_UIApplicationSceneManifest_Generation = YES;
				INFOPLIST_KEY_UIApplicationSupportsIndirectInputEvents = YES;
				INFOPLIST_KEY_UILaunchScreen_Generation = YES;
				INFOPLIST_KEY_UISupportedInterfaceOrientations_iPad = "UIInterfaceOrientationPortrait UIInterfaceOrientationPortraitUpsideDown UIInterfaceOrientationLandscapeLeft UIInterfaceOrientationLandscapeRight";
				INFOPLIST_KEY_UISupportedInterfaceOrientations_iPhone = "UIInterfaceOrientationPortrait UIInterfaceOrientationLandscapeLeft UIInterfaceOrientationLandscapeRight";
				LD_RUNPATH_SEARCH_PATHS = (
					"$(inherited)",
					"@executable_path/Frameworks",
				);
				MARKETING_VERSION = 1.0;
				PRODUCT_BUNDLE_IDENTIFIER = Nowa.ShiftSync;
				PRODUCT_NAME = "$(TARGET_NAME)";
				SWIFT_EMIT_LOC_STRINGS = YES;
				SWIFT_VERSION = 5.0;
				TARGETED_DEVICE_FAMILY = "1,2";
			};
			name = Release;
		};
/* End XCBuildConfiguration section */

/* Begin XCConfigurationList section */
		373049F62B37C11200F16BF9 /* Build configuration list for PBXProject "ShiftSync" */ = {
			isa = XCConfigurationList;
			buildConfigurations = (
				37304A072B37C11600F16BF9 /* Debug */,
				37304A082B37C11600F16BF9 /* Release */,
			);
			defaultConfigurationIsVisible = 0;
			defaultConfigurationName = Release;
		};
		37304A092B37C11600F16BF9 /* Build configuration list for PBXNativeTarget "ShiftSync" */ = {
			isa = XCConfigurationList;
			buildConfigurations = (
				37304A0A2B37C11600F16BF9 /* Debug */,
				37304A0B2B37C11600F16BF9 /* Release */,
			);
			defaultConfigurationIsVisible = 0;
			defaultConfigurationName = Release;
		};
/* End XCConfigurationList section */

/* Begin XCRemoteSwiftPackageReference section */
		37304A122B38416B00F16BF9 /* XCRemoteSwiftPackageReference "firebase-ios-sdk" */ = {
			isa = XCRemoteSwiftPackageReference;
			repositoryURL = "https://github.com/firebase/firebase-ios-sdk.git";
			requirement = {
				kind = upToNextMajorVersion;
				minimumVersion = 10.19.1;
			};
		};
/* End XCRemoteSwiftPackageReference section */

/* Begin XCSwiftPackageProductDependency section */
		37304A132B38416B00F16BF9 /* FirebaseAnalytics */ = {
			isa = XCSwiftPackageProductDependency;
			package = 37304A122B38416B00F16BF9 /* XCRemoteSwiftPackageReference "firebase-ios-sdk" */;
			productName = FirebaseAnalytics;
		};
		37304A152B38416B00F16BF9 /* FirebaseAnalyticsOnDeviceConversion */ = {
			isa = XCSwiftPackageProductDependency;
			package = 37304A122B38416B00F16BF9 /* XCRemoteSwiftPackageReference "firebase-ios-sdk" */;
			productName = FirebaseAnalyticsOnDeviceConversion;
		};
		37304A172B38416B00F16BF9 /* FirebaseAnalyticsSwift */ = {
			isa = XCSwiftPackageProductDependency;
			package = 37304A122B38416B00F16BF9 /* XCRemoteSwiftPackageReference "firebase-ios-sdk" */;
			productName = FirebaseAnalyticsSwift;
		};
		37304A192B38416B00F16BF9 /* FirebaseAnalyticsWithoutAdIdSupport */ = {
			isa = XCSwiftPackageProductDependency;
			package = 37304A122B38416B00F16BF9 /* XCRemoteSwiftPackageReference "firebase-ios-sdk" */;
			productName = FirebaseAnalyticsWithoutAdIdSupport;
		};
		37304A1D2B38416B00F16BF9 /* FirebaseAppDistribution-Beta */ = {
			isa = XCSwiftPackageProductDependency;
			package = 37304A122B38416B00F16BF9 /* XCRemoteSwiftPackageReference "firebase-ios-sdk" */;
			productName = "FirebaseAppDistribution-Beta";
		};
		37304A1F2B38416B00F16BF9 /* FirebaseAuth */ = {
			isa = XCSwiftPackageProductDependency;
			package = 37304A122B38416B00F16BF9 /* XCRemoteSwiftPackageReference "firebase-ios-sdk" */;
			productName = FirebaseAuth;
		};
		37304A212B38416B00F16BF9 /* FirebaseAuthCombine-Community */ = {
			isa = XCSwiftPackageProductDependency;
			package = 37304A122B38416B00F16BF9 /* XCRemoteSwiftPackageReference "firebase-ios-sdk" */;
			productName = "FirebaseAuthCombine-Community";
		};
		37304A232B38416B00F16BF9 /* FirebaseCrashlytics */ = {
			isa = XCSwiftPackageProductDependency;
			package = 37304A122B38416B00F16BF9 /* XCRemoteSwiftPackageReference "firebase-ios-sdk" */;
			productName = FirebaseCrashlytics;
		};
		37304A252B38416B00F16BF9 /* FirebaseDatabase */ = {
			isa = XCSwiftPackageProductDependency;
			package = 37304A122B38416B00F16BF9 /* XCRemoteSwiftPackageReference "firebase-ios-sdk" */;
			productName = FirebaseDatabase;
		};
		37304A272B38416B00F16BF9 /* FirebaseDatabaseSwift */ = {
			isa = XCSwiftPackageProductDependency;
			package = 37304A122B38416B00F16BF9 /* XCRemoteSwiftPackageReference "firebase-ios-sdk" */;
			productName = FirebaseDatabaseSwift;
		};
		37304A292B38416B00F16BF9 /* FirebaseDynamicLinks */ = {
			isa = XCSwiftPackageProductDependency;
			package = 37304A122B38416B00F16BF9 /* XCRemoteSwiftPackageReference "firebase-ios-sdk" */;
			productName = FirebaseDynamicLinks;
		};
		37304A2B2B38416B00F16BF9 /* FirebaseFirestore */ = {
			isa = XCSwiftPackageProductDependency;
			package = 37304A122B38416B00F16BF9 /* XCRemoteSwiftPackageReference "firebase-ios-sdk" */;
			productName = FirebaseFirestore;
		};
		37304A2D2B38416B00F16BF9 /* FirebaseFirestoreCombine-Community */ = {
			isa = XCSwiftPackageProductDependency;
			package = 37304A122B38416B00F16BF9 /* XCRemoteSwiftPackageReference "firebase-ios-sdk" */;
			productName = "FirebaseFirestoreCombine-Community";
		};
		37304A2F2B38416B00F16BF9 /* FirebaseFirestoreSwift */ = {
			isa = XCSwiftPackageProductDependency;
			package = 37304A122B38416B00F16BF9 /* XCRemoteSwiftPackageReference "firebase-ios-sdk" */;
			productName = FirebaseFirestoreSwift;
		};
		37304A312B38416B00F16BF9 /* FirebaseFunctions */ = {
			isa = XCSwiftPackageProductDependency;
			package = 37304A122B38416B00F16BF9 /* XCRemoteSwiftPackageReference "firebase-ios-sdk" */;
			productName = FirebaseFunctions;
		};
		37304A332B38416B00F16BF9 /* FirebaseFunctionsCombine-Community */ = {
			isa = XCSwiftPackageProductDependency;
			package = 37304A122B38416B00F16BF9 /* XCRemoteSwiftPackageReference "firebase-ios-sdk" */;
			productName = "FirebaseFunctionsCombine-Community";
		};
		37304A352B38416B00F16BF9 /* FirebaseInAppMessaging-Beta */ = {
			isa = XCSwiftPackageProductDependency;
			package = 37304A122B38416B00F16BF9 /* XCRemoteSwiftPackageReference "firebase-ios-sdk" */;
			productName = "FirebaseInAppMessaging-Beta";
		};
		37304A372B38416B00F16BF9 /* FirebaseInAppMessagingSwift-Beta */ = {
			isa = XCSwiftPackageProductDependency;
			package = 37304A122B38416B00F16BF9 /* XCRemoteSwiftPackageReference "firebase-ios-sdk" */;
			productName = "FirebaseInAppMessagingSwift-Beta";
		};
		37304A392B38416B00F16BF9 /* FirebaseInstallations */ = {
			isa = XCSwiftPackageProductDependency;
			package = 37304A122B38416B00F16BF9 /* XCRemoteSwiftPackageReference "firebase-ios-sdk" */;
			productName = FirebaseInstallations;
		};
		37304A3B2B38416B00F16BF9 /* FirebaseMLModelDownloader */ = {
			isa = XCSwiftPackageProductDependency;
			package = 37304A122B38416B00F16BF9 /* XCRemoteSwiftPackageReference "firebase-ios-sdk" */;
			productName = FirebaseMLModelDownloader;
		};
		37304A3D2B38416B00F16BF9 /* FirebaseMessaging */ = {
			isa = XCSwiftPackageProductDependency;
			package = 37304A122B38416B00F16BF9 /* XCRemoteSwiftPackageReference "firebase-ios-sdk" */;
			productName = FirebaseMessaging;
		};
		37304A3F2B38416B00F16BF9 /* FirebasePerformance */ = {
			isa = XCSwiftPackageProductDependency;
			package = 37304A122B38416B00F16BF9 /* XCRemoteSwiftPackageReference "firebase-ios-sdk" */;
			productName = FirebasePerformance;
		};
		37304A412B38416B00F16BF9 /* FirebaseRemoteConfig */ = {
			isa = XCSwiftPackageProductDependency;
			package = 37304A122B38416B00F16BF9 /* XCRemoteSwiftPackageReference "firebase-ios-sdk" */;
			productName = FirebaseRemoteConfig;
		};
		37304A432B38416B00F16BF9 /* FirebaseRemoteConfigSwift */ = {
			isa = XCSwiftPackageProductDependency;
			package = 37304A122B38416B00F16BF9 /* XCRemoteSwiftPackageReference "firebase-ios-sdk" */;
			productName = FirebaseRemoteConfigSwift;
		};
		37304A452B38416B00F16BF9 /* FirebaseStorage */ = {
			isa = XCSwiftPackageProductDependency;
			package = 37304A122B38416B00F16BF9 /* XCRemoteSwiftPackageReference "firebase-ios-sdk" */;
			productName = FirebaseStorage;
		};
		37304A472B38416B00F16BF9 /* FirebaseStorageCombine-Community */ = {
			isa = XCSwiftPackageProductDependency;
			package = 37304A122B38416B00F16BF9 /* XCRemoteSwiftPackageReference "firebase-ios-sdk" */;
			productName = "FirebaseStorageCombine-Community";
		};
/* End XCSwiftPackageProductDependency section */
	};
	rootObject = 373049F32B37C11200F16BF9 /* Project object */;
}
